
Microsoft Visual Studio Solution File, Format Version 12.00
# Visual Studio Version 16
VisualStudioVersion = 16.0.29905.134
MinimumVisualStudioVersion = 10.0.40219.1
Project("{FAE04EC0-301F-11D3-BF4B-00C04F79EFBC}") = "Examen_", "Examen_.csproj", "{9A97EF9D-EAE9-406A-8BFA-4089437DACFC}"
EndProject
Global
	GlobalSection(SolutionConfigurationPlatforms) = preSolution
		Debug|Any CPU = Debug|Any CPU
		Release|Any CPU = Release|Any CPU
	EndGlobalSection
	GlobalSection(ProjectConfigurationPlatforms) = postSolution
		{9A97EF9D-EAE9-406A-8BFA-4089437DACFC}.Debug|Any CPU.ActiveCfg = Debug|Any CPU
		{9A97EF9D-EAE9-406A-8BFA-4089437DACFC}.Debug|Any CPU.Build.0 = Debug|Any CPU
		{9A97EF9D-EAE9-406A-8BFA-4089437DACFC}.Release|Any CPU.ActiveCfg = Release|Any CPU
		{9A97EF9D-EAE9-406A-8BFA-4089437DACFC}.Release|Any CPU.Build.0 = Release|Any CPU
	EndGlobalSection
	GlobalSection(SolutionProperties) = preSolution
		HideSolutionNode = FALSE
	EndGlobalSection
	GlobalSection(ExtensibilityGlobals) = postSolution
		SolutionGuid = {E4C2AD57-DC14-4E48-80DD-4657F03B38AA}
	EndGlobalSection
EndGlobal
